{
    "_readme": [
        "This file locks the dependencies of your project to a known state",
        "Read more about it at https://getcomposer.org/doc/01-basic-usage.md#installing-dependencies",
        "This file is @generated automatically"
    ],
    "content-hash": "7c8cb9d358fc5273c26c92d2b55dd2a9",
    "packages": [
        {
            "name": "laminas/laminas-log",
            "version": "2.16.1",
            "source": {
                "type": "git",
                "url": "https://github.com/laminas/laminas-log.git",
                "reference": "a9c16bb161311553238b8989aa587bed4b518a7e"
            },
            "dist": {
                "type": "zip",
                "url": "https://api.github.com/repos/laminas/laminas-log/zipball/a9c16bb161311553238b8989aa587bed4b518a7e",
                "reference": "a9c16bb161311553238b8989aa587bed4b518a7e",
                "shasum": ""
            },
            "require": {
                "laminas/laminas-servicemanager": "^3.3.0",
                "laminas/laminas-stdlib": "^3.0",
                "php": "~8.0.0 || ~8.1.0 || ~8.2.0",
                "psr/log": "^1.1.2"
            },
            "conflict": {
                "zendframework/zend-log": "*"
            },
            "provide": {
                "psr/log-implementation": "1.0.0"
            },
            "require-dev": {
                "ext-dom": "*",
                "ext-json": "*",
                "ext-xml": "*",
                "firephp/firephp-core": "^0.5.3",
                "laminas/laminas-coding-standard": "~2.3.0",
                "laminas/laminas-db": "^2.6",
                "laminas/laminas-escaper": "^2.5",
                "laminas/laminas-filter": "^2.5",
                "laminas/laminas-mail": "^2.6.1",
                "laminas/laminas-validator": "^2.10.1",
                "mikey179/vfsstream": "^1.6.7",
                "phpspec/prophecy-phpunit": "^2.0",
                "phpunit/phpunit": "^9.5.10"
            },
            "suggest": {
                "ext-mongo": "mongo extension to use Mongo writer",
                "ext-mongodb": "mongodb extension to use MongoDB writer",
                "laminas/laminas-db": "Laminas\\Db component to use the database log writer",
                "laminas/laminas-escaper": "Laminas\\Escaper component, for use in the XML log formatter",
                "laminas/laminas-mail": "Laminas\\Mail component to use the email log writer",
                "laminas/laminas-validator": "Laminas\\Validator component to block invalid log messages"
            },
            "type": "library",
            "extra": {
                "laminas": {
                    "component": "Laminas\\Log",
                    "config-provider": "Laminas\\Log\\ConfigProvider"
                }
            },
            "autoload": {
                "psr-4": {
                    "Laminas\\Log\\": "src/"
                }
            },
            "notification-url": "https://packagist.org/downloads/",
            "license": [
                "BSD-3-Clause"
            ],
            "description": "Robust, composite logger with filtering, formatting, and PSR-3 support",
            "homepage": "https://laminas.dev",
            "keywords": [
                "laminas",
                "log",
                "logging"
            ],
            "support": {
                "chat": "https://laminas.dev/chat",
                "docs": "https://docs.laminas.dev/laminas-log/",
                "forum": "https://discourse.laminas.dev",
                "issues": "https://github.com/laminas/laminas-log/issues",
                "rss": "https://github.com/laminas/laminas-log/releases.atom",
                "source": "https://github.com/laminas/laminas-log"
            },
            "funding": [
                {
                    "url": "https://funding.communitybridge.org/projects/laminas-project",
                    "type": "community_bridge"
                }
            ],
            "time": "2022-12-19T16:38:15+00:00"
        },
        {
            "name": "laminas/laminas-servicemanager",
            "version": "3.20.0",
            "source": {
                "type": "git",
                "url": "https://github.com/laminas/laminas-servicemanager.git",
                "reference": "bc2c2cbe2dd90db8b9d16b0618f542692b76ab59"
            },
            "dist": {
                "type": "zip",
                "url": "https://api.github.com/repos/laminas/laminas-servicemanager/zipball/bc2c2cbe2dd90db8b9d16b0618f542692b76ab59",
                "reference": "bc2c2cbe2dd90db8b9d16b0618f542692b76ab59",
                "shasum": ""
            },
            "require": {
                "laminas/laminas-stdlib": "^3.2.1",
                "php": "~8.0.0 || ~8.1.0 || ~8.2.0",
                "psr/container": "^1.0"
            },
            "conflict": {
                "ext-psr": "*",
                "laminas/laminas-code": "<3.3.1",
                "zendframework/zend-code": "<3.3.1",
                "zendframework/zend-servicemanager": "*"
            },
            "provide": {
                "psr/container-implementation": "^1.0"
            },
            "replace": {
                "container-interop/container-interop": "^1.2.0"
            },
            "require-dev": {
                "composer/package-versions-deprecated": "^1.11.99.5",
                "laminas/laminas-coding-standard": "~2.4.0",
                "laminas/laminas-container-config-test": "^0.8",
                "laminas/laminas-dependency-plugin": "^2.2",
                "mikey179/vfsstream": "^1.6.11@alpha",
                "ocramius/proxy-manager": "^2.14.1",
                "phpbench/phpbench": "^1.2.7",
                "phpunit/phpunit": "^9.5.26",
                "psalm/plugin-phpunit": "^0.18.0",
                "vimeo/psalm": "^5.0.0"
            },
            "suggest": {
                "ocramius/proxy-manager": "ProxyManager ^2.1.1 to handle lazy initialization of services"
            },
            "bin": [
                "bin/generate-deps-for-config-factory",
                "bin/generate-factory-for-class"
            ],
            "type": "library",
            "autoload": {
                "files": [
                    "src/autoload.php"
                ],
                "psr-4": {
                    "Laminas\\ServiceManager\\": "src/"
                }
            },
            "notification-url": "https://packagist.org/downloads/",
            "license": [
                "BSD-3-Clause"
            ],
            "description": "Factory-Driven Dependency Injection Container",
            "homepage": "https://laminas.dev",
            "keywords": [
                "PSR-11",
                "dependency-injection",
                "di",
                "dic",
                "laminas",
                "service-manager",
                "servicemanager"
            ],
            "support": {
                "chat": "https://laminas.dev/chat",
                "docs": "https://docs.laminas.dev/laminas-servicemanager/",
                "forum": "https://discourse.laminas.dev",
                "issues": "https://github.com/laminas/laminas-servicemanager/issues",
                "rss": "https://github.com/laminas/laminas-servicemanager/releases.atom",
                "source": "https://github.com/laminas/laminas-servicemanager"
            },
            "funding": [
                {
                    "url": "https://funding.communitybridge.org/projects/laminas-project",
                    "type": "community_bridge"
                }
            ],
            "time": "2022-12-01T17:03:38+00:00"
        },
        {
            "name": "laminas/laminas-stdlib",
            "version": "3.16.1",
            "source": {
                "type": "git",
                "url": "https://github.com/laminas/laminas-stdlib.git",
                "reference": "f4f773641807c7ccee59b758bfe4ac4ba33ecb17"
            },
            "dist": {
                "type": "zip",
                "url": "https://api.github.com/repos/laminas/laminas-stdlib/zipball/f4f773641807c7ccee59b758bfe4ac4ba33ecb17",
                "reference": "f4f773641807c7ccee59b758bfe4ac4ba33ecb17",
                "shasum": ""
            },
            "require": {
                "php": "~8.0.0 || ~8.1.0 || ~8.2.0"
            },
            "conflict": {
                "zendframework/zend-stdlib": "*"
            },
            "require-dev": {
                "laminas/laminas-coding-standard": "^2.4.0",
                "phpbench/phpbench": "^1.2.7",
                "phpunit/phpunit": "^9.5.26",
                "psalm/plugin-phpunit": "^0.18.0",
                "vimeo/psalm": "^5.0.0"
            },
            "type": "library",
            "autoload": {
                "psr-4": {
                    "Laminas\\Stdlib\\": "src/"
                }
            },
            "notification-url": "https://packagist.org/downloads/",
            "license": [
                "BSD-3-Clause"
            ],
            "description": "SPL extensions, array utilities, error handlers, and more",
            "homepage": "https://laminas.dev",
            "keywords": [
                "laminas",
                "stdlib"
            ],
            "support": {
                "chat": "https://laminas.dev/chat",
                "docs": "https://docs.laminas.dev/laminas-stdlib/",
                "forum": "https://discourse.laminas.dev",
                "issues": "https://github.com/laminas/laminas-stdlib/issues",
                "rss": "https://github.com/laminas/laminas-stdlib/releases.atom",
                "source": "https://github.com/laminas/laminas-stdlib"
            },
            "funding": [
                {
                    "url": "https://funding.communitybridge.org/projects/laminas-project",
                    "type": "community_bridge"
                }
            ],
            "time": "2022-12-03T18:48:01+00:00"
        },
        {
            "name": "psr/container",
            "version": "1.1.2",
            "source": {
                "type": "git",
                "url": "https://github.com/php-fig/container.git",
                "reference": "513e0666f7216c7459170d56df27dfcefe1689ea"
            },
            "dist": {
                "type": "zip",
                "url": "https://api.github.com/repos/php-fig/container/zipball/513e0666f7216c7459170d56df27dfcefe1689ea",
                "reference": "513e0666f7216c7459170d56df27dfcefe1689ea",
                "shasum": ""
            },
            "require": {
                "php": ">=7.4.0"
            },
            "type": "library",
            "autoload": {
                "psr-4": {
                    "Psr\\Container\\": "src/"
                }
            },
            "notification-url": "https://packagist.org/downloads/",
            "license": [
                "MIT"
            ],
            "authors": [
                {
                    "name": "PHP-FIG",
                    "homepage": "https://www.php-fig.org/"
                }
            ],
            "description": "Common Container Interface (PHP FIG PSR-11)",
            "homepage": "https://github.com/php-fig/container",
            "keywords": [
                "PSR-11",
                "container",
                "container-interface",
                "container-interop",
                "psr"
            ],
            "support": {
                "issues": "https://github.com/php-fig/container/issues",
                "source": "https://github.com/php-fig/container/tree/1.1.2"
            },
            "time": "2021-11-05T16:50:12+00:00"
        },
        {
            "name": "psr/log",
            "version": "1.1.4",
            "source": {
                "type": "git",
                "url": "https://github.com/php-fig/log.git",
                "reference": "d49695b909c3b7628b6289db5479a1c204601f11"
            },
            "dist": {
                "type": "zip",
                "url": "https://api.github.com/repos/php-fig/log/zipball/d49695b909c3b7628b6289db5479a1c204601f11",
                "reference": "d49695b909c3b7628b6289db5479a1c204601f11",
                "shasum": ""
            },
            "require": {
                "php": ">=5.3.0"
            },
            "type": "library",
            "extra": {
                "branch-alias": {
                    "dev-master": "1.1.x-dev"
                }
            },
            "autoload": {
                "psr-4": {
                    "Psr\\Log\\": "Psr/Log/"
                }
            },
            "notification-url": "https://packagist.org/downloads/",
            "license": [
                "MIT"
            ],
            "authors": [
                {
                    "name": "PHP-FIG",
                    "homepage": "https://www.php-fig.org/"
                }
            ],
            "description": "Common interface for logging libraries",
            "homepage": "https://github.com/php-fig/log",
            "keywords": [
                "log",
                "psr",
                "psr-3"
            ],
            "support": {
                "source": "https://github.com/php-fig/log/tree/1.1.4"
            },
            "time": "2021-05-03T11:20:27+00:00"
        }
    ],
    "packages-dev": [],
    "aliases": [],
    "minimum-stability": "stable",
    "stability-flags": [],
    "prefer-stable": false,
    "prefer-lowest": false,
    "platform": {
        "php": ">=7.0"
    },
    "platform-dev": [],
    "plugin-api-version": "2.2.0"
}
